{
    "name": "node-grequire",
    "version": "0.1.2",
    "lockfileVersion": 3,
    "requires": true,
    "packages": {
        "": {
            "name": "node-grequire",
            "version": "0.1.2",
            "license": "MIT",
            "dependencies": {
                "require-ini": ""
            }
        },
        "node_modules/node-ini": {
            "version": "1.0.0",
            "resolved": "https://registry.npmjs.org/node-ini/-/node-ini-1.0.0.tgz",
            "integrity": "sha512-njSaIB7PsMKYO9C8VcxNywrrcDLfgYv4FC3wdfL8xSI23qZbbjCQVvIoe0Ryf2tCcJeMo7oCzNhqaCT7yoimag=="
        },
        "node_modules/require-ini": {
            "version": "0.0.1",
            "resolved": "https://registry.npmjs.org/require-ini/-/require-ini-0.0.1.tgz",
            "integrity": "sha512-QdrBCW2YKsWgn9nNUx10lT8iKkKMXQ9R1WJuI20htbPn3RN91TPyjIMn2VAyG/KK/LPWgFZqscSXZT9Pu4uLEA==",
            "dependencies": {
                "node-ini": ""
            }
        }
    }
}
